{
  "name": "cli-codegenerator-config",
  "version": "1.0.0",
  "lockfileVersion": 1,
  "requires": true,
  "dependencies": {
    "@types/inquirer": {
      "version": "7.3.3",
      "resolved": "https://registry.npmjs.org/@types/inquirer/-/inquirer-7.3.3.tgz",
      "integrity": "sha512-HhxyLejTHMfohAuhRun4csWigAMjXTmRyiJTU1Y/I1xmggikFMkOUoMQRlFm+zQcPEGHSs3io/0FAmNZf8EymQ==",
      "dev": true,
      "requires": {
        "@types/through": "*",
        "rxjs": "^6.4.0"
      }
    },
    "@types/lodash": {
      "version": "4.14.171",
      "resolved": "https://registry.npmjs.org/@types/lodash/-/lodash-4.14.171.tgz",
      "integrity": "sha512-7eQ2xYLLI/LsicL2nejW9Wyko3lcpN6O/z0ZLHrEQsg280zIdCv1t/0m6UtBjUHokCGBQ3gYTbHzDkZ1xOBwwg==",
      "dev": true
    },
    "@types/node": {
      "version": "16.4.10",
      "resolved": "https://registry.npmjs.org/@types/node/-/node-16.4.10.tgz",
      "integrity": "sha512-TmVHsm43br64js9BqHWqiDZA+xMtbUpI1MBIA0EyiBmoV9pcEYFOSdj5fr6enZNfh4fChh+AGOLIzGwJnkshyQ=="
    },
    "@types/sinonjs__fake-timers": {
      "version": "6.0.3",
      "resolved": "https://registry.npmjs.org/@types/sinonjs__fake-timers/-/sinonjs__fake-timers-6.0.3.tgz",
      "integrity": "sha512-E1dU4fzC9wN2QK2Cr1MLCfyHM8BoNnRFvuf45LYMPNDA+WqbNzC45S4UzPxvp1fFJ1rvSGU0bPvdd35VLmXG8g==",
      "dev": true
    },
    "@types/through": {
      "version": "0.0.30",
      "resolved": "https://registry.npmjs.org/@types/through/-/through-0.0.30.tgz",
      "integrity": "sha512-FvnCJljyxhPM3gkRgWmxmDZyAQSiBQQWLI0A0VFL0K7W1oRUrPJSqNO0NvTnLkBcotdlp3lKvaT0JrnyRDkzOg==",
      "dev": true,
      "requires": {
        "@types/node": "*"
      }
    },
    "@yellicode/core": {
      "version": "1.5.0",
      "resolved": "https://registry.npmjs.org/@yellicode/core/-/core-1.5.0.tgz",
      "integrity": "sha512-ZgRISEbqA4KG+j4rxFKi0wz2LwLoX3KMzVrBZIIMhG1qdIQsmXM+dmllBgRn/HUxiCvRGE8V/C1L/alCVS4y5g==",
      "requires": {
        "nanoid": "^3.1.12"
      }
    },
    "@yellicode/elements": {
      "version": "1.9.2",
      "resolved": "https://registry.npmjs.org/@yellicode/elements/-/elements-1.9.2.tgz",
      "integrity": "sha512-WJSl0zMjviZlCYkESYqygQ80ncgB8lAwIp6fIdo35Hl5QdKUn7OvKHO4EEXK9DJbAGq2VDK581IEH8MOlNr85Q==",
      "requires": {
        "@yellicode/core": "^1.3.0",
        "toposort": "^2.0.2"
      }
    },
    "@yellicode/templating": {
      "version": "1.8.0",
      "resolved": "https://registry.npmjs.org/@yellicode/templating/-/templating-1.8.0.tgz",
      "integrity": "sha512-9zGFRN/9Y4uwrkov+iqLu9DM75H6txGV2V0KA3piEJvJyQkxQ/UWFtQLJjW0Fyswa09ISoUUH77mi1ZJyCmERA==",
      "requires": {
        "@yellicode/core": "^1.5.0",
        "@yellicode/elements": "^1.8.0"
      }
    },
    "@yellicode/typescript": {
      "version": "1.13.3",
      "resolved": "https://registry.npmjs.org/@yellicode/typescript/-/typescript-1.13.3.tgz",
      "integrity": "sha512-lT2/3hC+AvuC5Lj5goTJs/taOcgl2zJp57HlnAg2GP27vgI+srPP4UUDr3VdmtAaWyX2L4vobNXpNDSQ7AZ7FQ==",
      "requires": {
        "@yellicode/core": "^1.2.2",
        "@yellicode/elements": "^1.5.0"
      }
    },
    "lodash": {
      "version": "4.17.21",
      "resolved": "https://registry.npmjs.org/lodash/-/lodash-4.17.21.tgz",
      "integrity": "sha512-v2kDEe57lecTulaDIuNTPy3Ry4gLGJ6Z1O3vE1krgXZNrsQ+LFTGHVxVjcXPs17LhbZVGedAJv8XZ1tvj5FvSg=="
    },
    "nanoid": {
      "version": "3.1.23",
      "resolved": "https://registry.npmjs.org/nanoid/-/nanoid-3.1.23.tgz",
      "integrity": "sha512-FiB0kzdP0FFVGDKlRLEQ1BgDzU87dy5NnzjeW9YZNt+/c3+q82EQDUwniSAUxp/F0gFNI1ZhKU1FqYsMuqZVnw=="
    },
    "rxjs": {
      "version": "6.6.7",
      "resolved": "https://registry.npmjs.org/rxjs/-/rxjs-6.6.7.tgz",
      "integrity": "sha512-hTdwr+7yYNIT5n4AMYp85KA6yw2Va0FLa3Rguvbpa4W3I5xynaBZo41cM3XM+4Q6fRMj3sBYIR1VAmZMXYJvRQ==",
      "dev": true,
      "requires": {
        "tslib": "^1.9.0"
      }
    },
    "toposort": {
      "version": "2.0.2",
      "resolved": "https://registry.npmjs.org/toposort/-/toposort-2.0.2.tgz",
      "integrity": "sha1-riF2gXXRVZ1IvvNUILL0li8JwzA="
    },
    "tslib": {
      "version": "1.14.1",
      "resolved": "https://registry.npmjs.org/tslib/-/tslib-1.14.1.tgz",
      "integrity": "sha512-Xni35NKzjgMrwevysHTCArtLDpPvye8zV/0E4EyYn43P7/7qvQwPh9BGkHewbMulVntbigmcT7rdX3BNo9wRJg==",
      "dev": true
    }
  }
}
