# THIS IS AN AUTOGENERATED FILE. DO NOT EDIT THIS FILE DIRECTLY.
# yarn lockfile v1


"@yellicode/core@^1.2.2", "@yellicode/core@^1.3.0", "@yellicode/core@^1.5.0":
  "integrity" "sha512-ZgRISEbqA4KG+j4rxFKi0wz2LwLoX3KMzVrBZIIMhG1qdIQsmXM+dmllBgRn/HUxiCvRGE8V/C1L/alCVS4y5g=="
  "resolved" "https://registry.npmjs.org/@yellicode/core/-/core-1.5.0.tgz"
  "version" "1.5.0"
  dependencies:
    "nanoid" "^3.1.12"

"@yellicode/elements@^1.5.0", "@yellicode/elements@^1.8.0":
  "integrity" "sha512-WJSl0zMjviZlCYkESYqygQ80ncgB8lAwIp6fIdo35Hl5QdKUn7OvKHO4EEXK9DJbAGq2VDK581IEH8MOlNr85Q=="
  "resolved" "https://registry.npmjs.org/@yellicode/elements/-/elements-1.9.2.tgz"
  "version" "1.9.2"
  dependencies:
    "@yellicode/core" "^1.3.0"
    "toposort" "^2.0.2"

"@yellicode/templating@^1.8.0":
  "integrity" "sha512-9zGFRN/9Y4uwrkov+iqLu9DM75H6txGV2V0KA3piEJvJyQkxQ/UWFtQLJjW0Fyswa09ISoUUH77mi1ZJyCmERA=="
  "resolved" "https://registry.npmjs.org/@yellicode/templating/-/templating-1.8.0.tgz"
  "version" "1.8.0"
  dependencies:
    "@yellicode/core" "^1.5.0"
    "@yellicode/elements" "^1.8.0"

"@yellicode/typescript@^1.13.3":
  "integrity" "sha512-lT2/3hC+AvuC5Lj5goTJs/taOcgl2zJp57HlnAg2GP27vgI+srPP4UUDr3VdmtAaWyX2L4vobNXpNDSQ7AZ7FQ=="
  "resolved" "https://registry.npmjs.org/@yellicode/typescript/-/typescript-1.13.3.tgz"
  "version" "1.13.3"
  dependencies:
    "@yellicode/core" "^1.2.2"
    "@yellicode/elements" "^1.5.0"

"nanoid@^3.1.12":
  "integrity" "sha512-FiB0kzdP0FFVGDKlRLEQ1BgDzU87dy5NnzjeW9YZNt+/c3+q82EQDUwniSAUxp/F0gFNI1ZhKU1FqYsMuqZVnw=="
  "resolved" "https://registry.npmjs.org/nanoid/-/nanoid-3.1.23.tgz"
  "version" "3.1.23"

"toposort@^2.0.2":
  "integrity" "sha1-riF2gXXRVZ1IvvNUILL0li8JwzA="
  "resolved" "https://registry.npmjs.org/toposort/-/toposort-2.0.2.tgz"
  "version" "2.0.2"
